
Microsoft Visual Studio Solution File, Format Version 12.00
# Visual Studio Version 17
VisualStudioVersion = 17.11.35222.181
MinimumVisualStudioVersion = 10.0.40219.1
Project("{FAE04EC0-301F-11D3-BF4B-00C04F79EFBC}") = "Constructors", "Constructors\Constructors.csproj", "{E67F9C69-72B0-4694-97C0-65922B0470AA}"
EndProject
Global
	GlobalSection(SolutionConfigurationPlatforms) = preSolution
		Debug|Any CPU = Debug|Any CPU
		Release|Any CPU = Release|Any CPU
	EndGlobalSection
	GlobalSection(ProjectConfigurationPlatforms) = postSolution
		{E67F9C69-72B0-4694-97C0-65922B0470AA}.Debug|Any CPU.ActiveCfg = Debug|Any CPU
		{E67F9C69-72B0-4694-97C0-65922B0470AA}.Debug|Any CPU.Build.0 = Debug|Any CPU
		{E67F9C69-72B0-4694-97C0-65922B0470AA}.Release|Any CPU.ActiveCfg = Release|Any CPU
		{E67F9C69-72B0-4694-97C0-65922B0470AA}.Release|Any CPU.Build.0 = Release|Any CPU
	EndGlobalSection
	GlobalSection(SolutionProperties) = preSolution
		HideSolutionNode = FALSE
	EndGlobalSection
	GlobalSection(ExtensibilityGlobals) = postSolution
		SolutionGuid = {AEF0AA03-EFDC-4F1A-844B-AF2C54A9247B}
	EndGlobalSection
EndGlobal
