
Microsoft Visual Studio Solution File, Format Version 12.00
# Visual Studio Version 17
VisualStudioVersion = 17.11.35222.181
MinimumVisualStudioVersion = 10.0.40219.1
Project("{FAE04EC0-301F-11D3-BF4B-00C04F79EFBC}") = "RijSchool", "RijSchool\RijSchool.csproj", "{FAB24670-7B34-4D95-88EC-E983042ACFE5}"
EndProject
Global
	GlobalSection(SolutionConfigurationPlatforms) = preSolution
		Debug|Any CPU = Debug|Any CPU
		Release|Any CPU = Release|Any CPU
	EndGlobalSection
	GlobalSection(ProjectConfigurationPlatforms) = postSolution
		{FAB24670-7B34-4D95-88EC-E983042ACFE5}.Debug|Any CPU.ActiveCfg = Debug|Any CPU
		{FAB24670-7B34-4D95-88EC-E983042ACFE5}.Debug|Any CPU.Build.0 = Debug|Any CPU
		{FAB24670-7B34-4D95-88EC-E983042ACFE5}.Release|Any CPU.ActiveCfg = Release|Any CPU
		{FAB24670-7B34-4D95-88EC-E983042ACFE5}.Release|Any CPU.Build.0 = Release|Any CPU
	EndGlobalSection
	GlobalSection(SolutionProperties) = preSolution
		HideSolutionNode = FALSE
	EndGlobalSection
	GlobalSection(ExtensibilityGlobals) = postSolution
		SolutionGuid = {4ACFC0E7-3A94-448C-8906-3F8DA0AE2CA9}
	EndGlobalSection
EndGlobal
