
Microsoft Visual Studio Solution File, Format Version 12.00
# Visual Studio Version 17
VisualStudioVersion = 17.11.35222.181
MinimumVisualStudioVersion = 10.0.40219.1
Project("{FAE04EC0-301F-11D3-BF4B-00C04F79EFBC}") = "Lists", "Lists.csproj", "{80A36689-C76D-4EE6-BDA3-50B1BEC7BB44}"
EndProject
Global
	GlobalSection(SolutionConfigurationPlatforms) = preSolution
		Debug|Any CPU = Debug|Any CPU
		Release|Any CPU = Release|Any CPU
	EndGlobalSection
	GlobalSection(ProjectConfigurationPlatforms) = postSolution
		{80A36689-C76D-4EE6-BDA3-50B1BEC7BB44}.Debug|Any CPU.ActiveCfg = Debug|Any CPU
		{80A36689-C76D-4EE6-BDA3-50B1BEC7BB44}.Debug|Any CPU.Build.0 = Debug|Any CPU
		{80A36689-C76D-4EE6-BDA3-50B1BEC7BB44}.Release|Any CPU.ActiveCfg = Release|Any CPU
		{80A36689-C76D-4EE6-BDA3-50B1BEC7BB44}.Release|Any CPU.Build.0 = Release|Any CPU
	EndGlobalSection
	GlobalSection(SolutionProperties) = preSolution
		HideSolutionNode = FALSE
	EndGlobalSection
	GlobalSection(ExtensibilityGlobals) = postSolution
		SolutionGuid = {E372B3B5-D074-44BB-B1C6-1A6F152FE5EC}
	EndGlobalSection
EndGlobal
