
Microsoft Visual Studio Solution File, Format Version 12.00
# Visual Studio Version 17
VisualStudioVersion = 17.11.35222.181
MinimumVisualStudioVersion = 10.0.40219.1
Project("{FAE04EC0-301F-11D3-BF4B-00C04F79EFBC}") = "ForHerhaling", "ForHerhaling.csproj", "{ECD7F0E6-78ED-46F4-AE53-D252E4234B53}"
EndProject
Global
	GlobalSection(SolutionConfigurationPlatforms) = preSolution
		Debug|Any CPU = Debug|Any CPU
		Release|Any CPU = Release|Any CPU
	EndGlobalSection
	GlobalSection(ProjectConfigurationPlatforms) = postSolution
		{ECD7F0E6-78ED-46F4-AE53-D252E4234B53}.Debug|Any CPU.ActiveCfg = Debug|Any CPU
		{ECD7F0E6-78ED-46F4-AE53-D252E4234B53}.Debug|Any CPU.Build.0 = Debug|Any CPU
		{ECD7F0E6-78ED-46F4-AE53-D252E4234B53}.Release|Any CPU.ActiveCfg = Release|Any CPU
		{ECD7F0E6-78ED-46F4-AE53-D252E4234B53}.Release|Any CPU.Build.0 = Release|Any CPU
	EndGlobalSection
	GlobalSection(SolutionProperties) = preSolution
		HideSolutionNode = FALSE
	EndGlobalSection
	GlobalSection(ExtensibilityGlobals) = postSolution
		SolutionGuid = {594BE64E-EC63-4269-85D0-1559B484EBB4}
	EndGlobalSection
EndGlobal
